Microsoft Visual Studio Solution File, Format Version 12.00
# Visual Studio Version 17
VisualStudioVersion = 17.5.2.0
MinimumVisualStudioVersion = 10.0.40219.1
Project("{FAE04EC0-301F-11D3-BF4B-00C04F79EFBC}") = "PathRegister", "PathRegister.csproj", "{49F5EC15-6512-12F3-20A7-51C9ED5CF856}"
EndProject
Global
	GlobalSection(SolutionConfigurationPlatforms) = preSolution
		Debug|Any CPU = Debug|Any CPU
		Release|Any CPU = Release|Any CPU
	EndGlobalSection
	GlobalSection(ProjectConfigurationPlatforms) = postSolution
		{49F5EC15-6512-12F3-20A7-51C9ED5CF856}.Debug|Any CPU.ActiveCfg = Debug|Any CPU
		{49F5EC15-6512-12F3-20A7-51C9ED5CF856}.Debug|Any CPU.Build.0 = Debug|Any CPU
		{49F5EC15-6512-12F3-20A7-51C9ED5CF856}.Release|Any CPU.ActiveCfg = Release|Any CPU
		{49F5EC15-6512-12F3-20A7-51C9ED5CF856}.Release|Any CPU.Build.0 = Release|Any CPU
	EndGlobalSection
	GlobalSection(SolutionProperties) = preSolution
		HideSolutionNode = FALSE
	EndGlobalSection
	GlobalSection(ExtensibilityGlobals) = postSolution
		SolutionGuid = {895E7433-2A4C-47FE-8F59-FDCB76FD898E}
	EndGlobalSection
EndGlobal
